<?xml version="1.0" encoding="utf-8"?>
<Project ToolsVersion="4.0" xmlns="http://schemas.microsoft.com/developer/msbuild/2003">
  <ItemGroup>
    <Filter Include="Source Files">
      <UniqueIdentifier>{4FC737F1-C7A5-4376-A066-2A32D752A2FF}</UniqueIdentifier>
      <Extensions>cpp;c;cc;cxx;def;odl;idl;hpj;bat;asm;asmx</Extensions>
    </Filter>
    <Filter Include="Header Files">
      <UniqueIdentifier>{93995380-89BD-4b04-88EB-625FBE52EBFB}</UniqueIdentifier>
      <Extensions>h;hh;hpp;hxx;hm;inl;inc;xsd</Extensions>
    </Filter>
    <Filter Include="Resource Files">
      <UniqueIdentifier>{67DA6AB6-F800-4c08-8B7A-83BB121AAD01}</UniqueIdentifier>
      <Extensions>rc;ico;cur;bmp;dlg;rc2;rct;bin;rgs;gif;jpg;jpeg;jpe;resx;tiff;tif;png;wav;mfcribbon-ms</Extensions>
    </Filter>
    <Filter Include="LodePNG">
      <UniqueIdentifier>{aff730b2-1bd4-4fe7-9933-ab0c236971e5}</UniqueIdentifier>
    </Filter>
    <Filter Include="Shaders">
      <UniqueIdentifier>{cc7a38e5-b401-4745-8410-6e05191050b3}</UniqueIdentifier>
    </Filter>
  </ItemGroup>
  <ItemGroup>
    <ClCompile Include="main.cpp">
      <Filter>Source Files</Filter>
    </ClCompile>
    <ClCompile Include="lodepng.cpp">
      <Filter>LodePNG</Filter>
    </ClCompile>
  </ItemGroup>
  <ItemGroup>
    <ClInclude Include="lodepng.h">
      <Filter>LodePNG</Filter>
    </ClInclude>
    <ClInclude Include="Shader.h">
      <Filter>Header Files</Filter>
    </ClInclude>
    <ClInclude Include="Mesh.h">
      <Filter>Header Files</Filter>
    </ClInclude>
    <ClInclude Include="Model.h">
      <Filter>Header Files</Filter>
    </ClInclude>
    <ClInclude Include="Camera.h">
      <Filter>Header Files</Filter>
    </ClInclude>
  </ItemGroup>
  <ItemGroup>
    <None Include="..\resource\shaders\skybox.frag">
      <Filter>Shaders</Filter>
    </None>
    <None Include="..\resource\shaders\skybox.vs">
      <Filter>Shaders</Filter>
    </None>
    <None Include="..\resource\shaders\advanced.frag">
      <Filter>Shaders</Filter>
    </None>
    <None Include="..\resource\shaders\advanced.vs">
      <Filter>Shaders</Filter>
    </None>
    <None Include="..\resource\shaders\NMShader.vs">
      <Filter>Shaders</Filter>
    </None>
    <None Include="..\resource\shaders\NMShader.frag">
      <Filter>Shaders</Filter>
    </None>
  </ItemGroup>
  <ItemGroup>
    <Image Include="..\resource\textures\176.png">
      <Filter>Resource Files</Filter>
    </Image>
    <Image Include="..\resource\textures\176_norm.png">
      <Filter>Resource Files</Filter>
    </Image>
    <Image Include="..\resource\EM\EM208_D.png">
      <Filter>Resource Files</Filter>
    </Image>
    <Image Include="..\resource\EM\EM208_N.png">
      <Filter>Resource Files</Filter>
    </Image>
  </ItemGroup>
</Project>